
Microsoft Visual Studio Solution File, Format Version 12.00
# Visual Studio 15
VisualStudioVersion = 15.0.26124.0
MinimumVisualStudioVersion = 15.0.26124.0
Project("{2150E333-8FDC-42A3-9474-1A3956D46DE8}") = "src", "src", "{3E912B83-E7C5-4990-8F78-4F1D955E7D92}"
EndProject
Project("{FAE04EC0-301F-11D3-BF4B-00C04F79EFBC}") = "NetDotEnv", "src\NetDotEnv\NetDotEnv.csproj", "{E2575BBA-F1BF-4D6B-8040-5AA7783049C3}"
EndProject
Project("{FAE04EC0-301F-11D3-BF4B-00C04F79EFBC}") = "dotenv-cli", "src\dotenv-cli\dotenv-cli.csproj", "{68BD6AB1-05E6-45A9-A879-43E16444F835}"
EndProject
Project("{2150E333-8FDC-42A3-9474-1A3956D46DE8}") = "test", "test", "{E88B44D5-ADDE-4919-B56A-B1CF3F374DA2}"
EndProject
Project("{FAE04EC0-301F-11D3-BF4B-00C04F79EFBC}") = "NetDotEnv.Test", "test\NetDotEnv.Test\NetDotEnv.Test.csproj", "{6267E584-3240-4784-8E1C-AD2908D38C18}"
EndProject
Global
	GlobalSection(SolutionConfigurationPlatforms) = preSolution
		Debug|Any CPU = Debug|Any CPU
		Debug|x64 = Debug|x64
		Debug|x86 = Debug|x86
		Release|Any CPU = Release|Any CPU
		Release|x64 = Release|x64
		Release|x86 = Release|x86
	EndGlobalSection
	GlobalSection(SolutionProperties) = preSolution
		HideSolutionNode = FALSE
	EndGlobalSection
	GlobalSection(ProjectConfigurationPlatforms) = postSolution
		{E2575BBA-F1BF-4D6B-8040-5AA7783049C3}.Debug|Any CPU.ActiveCfg = Debug|Any CPU
		{E2575BBA-F1BF-4D6B-8040-5AA7783049C3}.Debug|Any CPU.Build.0 = Debug|Any CPU
		{E2575BBA-F1BF-4D6B-8040-5AA7783049C3}.Debug|x64.ActiveCfg = Debug|Any CPU
		{E2575BBA-F1BF-4D6B-8040-5AA7783049C3}.Debug|x64.Build.0 = Debug|Any CPU
		{E2575BBA-F1BF-4D6B-8040-5AA7783049C3}.Debug|x86.ActiveCfg = Debug|Any CPU
		{E2575BBA-F1BF-4D6B-8040-5AA7783049C3}.Debug|x86.Build.0 = Debug|Any CPU
		{E2575BBA-F1BF-4D6B-8040-5AA7783049C3}.Release|Any CPU.ActiveCfg = Release|Any CPU
		{E2575BBA-F1BF-4D6B-8040-5AA7783049C3}.Release|Any CPU.Build.0 = Release|Any CPU
		{E2575BBA-F1BF-4D6B-8040-5AA7783049C3}.Release|x64.ActiveCfg = Release|Any CPU
		{E2575BBA-F1BF-4D6B-8040-5AA7783049C3}.Release|x64.Build.0 = Release|Any CPU
		{E2575BBA-F1BF-4D6B-8040-5AA7783049C3}.Release|x86.ActiveCfg = Release|Any CPU
		{E2575BBA-F1BF-4D6B-8040-5AA7783049C3}.Release|x86.Build.0 = Release|Any CPU
		{68BD6AB1-05E6-45A9-A879-43E16444F835}.Debug|Any CPU.ActiveCfg = Debug|Any CPU
		{68BD6AB1-05E6-45A9-A879-43E16444F835}.Debug|Any CPU.Build.0 = Debug|Any CPU
		{68BD6AB1-05E6-45A9-A879-43E16444F835}.Debug|x64.ActiveCfg = Debug|Any CPU
		{68BD6AB1-05E6-45A9-A879-43E16444F835}.Debug|x64.Build.0 = Debug|Any CPU
		{68BD6AB1-05E6-45A9-A879-43E16444F835}.Debug|x86.ActiveCfg = Debug|Any CPU
		{68BD6AB1-05E6-45A9-A879-43E16444F835}.Debug|x86.Build.0 = Debug|Any CPU
		{68BD6AB1-05E6-45A9-A879-43E16444F835}.Release|Any CPU.ActiveCfg = Release|Any CPU
		{68BD6AB1-05E6-45A9-A879-43E16444F835}.Release|Any CPU.Build.0 = Release|Any CPU
		{68BD6AB1-05E6-45A9-A879-43E16444F835}.Release|x64.ActiveCfg = Release|Any CPU
		{68BD6AB1-05E6-45A9-A879-43E16444F835}.Release|x64.Build.0 = Release|Any CPU
		{68BD6AB1-05E6-45A9-A879-43E16444F835}.Release|x86.ActiveCfg = Release|Any CPU
		{68BD6AB1-05E6-45A9-A879-43E16444F835}.Release|x86.Build.0 = Release|Any CPU
		{6267E584-3240-4784-8E1C-AD2908D38C18}.Debug|Any CPU.ActiveCfg = Debug|Any CPU
		{6267E584-3240-4784-8E1C-AD2908D38C18}.Debug|Any CPU.Build.0 = Debug|Any CPU
		{6267E584-3240-4784-8E1C-AD2908D38C18}.Debug|x64.ActiveCfg = Debug|Any CPU
		{6267E584-3240-4784-8E1C-AD2908D38C18}.Debug|x64.Build.0 = Debug|Any CPU
		{6267E584-3240-4784-8E1C-AD2908D38C18}.Debug|x86.ActiveCfg = Debug|Any CPU
		{6267E584-3240-4784-8E1C-AD2908D38C18}.Debug|x86.Build.0 = Debug|Any CPU
		{6267E584-3240-4784-8E1C-AD2908D38C18}.Release|Any CPU.ActiveCfg = Release|Any CPU
		{6267E584-3240-4784-8E1C-AD2908D38C18}.Release|Any CPU.Build.0 = Release|Any CPU
		{6267E584-3240-4784-8E1C-AD2908D38C18}.Release|x64.ActiveCfg = Release|Any CPU
		{6267E584-3240-4784-8E1C-AD2908D38C18}.Release|x64.Build.0 = Release|Any CPU
		{6267E584-3240-4784-8E1C-AD2908D38C18}.Release|x86.ActiveCfg = Release|Any CPU
		{6267E584-3240-4784-8E1C-AD2908D38C18}.Release|x86.Build.0 = Release|Any CPU
	EndGlobalSection
	GlobalSection(NestedProjects) = preSolution
		{E2575BBA-F1BF-4D6B-8040-5AA7783049C3} = {3E912B83-E7C5-4990-8F78-4F1D955E7D92}
		{68BD6AB1-05E6-45A9-A879-43E16444F835} = {3E912B83-E7C5-4990-8F78-4F1D955E7D92}
		{6267E584-3240-4784-8E1C-AD2908D38C18} = {E88B44D5-ADDE-4919-B56A-B1CF3F374DA2}
	EndGlobalSection
EndGlobal
